# THIS IS AN AUTOGENERATED FILE. DO NOT EDIT THIS FILE DIRECTLY.
# yarn lockfile v1


fsevents@~2.3.2:
  version "2.3.2"
  resolved "http://192.168.1.30:4873/fsevents/-/fsevents-2.3.2.tgz#8a526f78b8fdf4623b709e0b975c52c24c02fd1a"
  integrity sha512-xiqMQR4xAeHTuB9uWm+fFRcIOgKBMiOBP+eXiyT7jsgVCq1bkVygt00oASowB7EdtpOHaaPgKt812P9ab+DDKA==

rollup@^2.70.2:
  version "2.70.2"
  resolved "http://192.168.1.30:4873/rollup/-/rollup-2.70.2.tgz#808d206a8851628a065097b7ba2053bd83ba0c0d"
  integrity sha512-EitogNZnfku65I1DD5Mxe8JYRUCy0hkK5X84IlDtUs+O6JRMpRciXTzyCUuX11b5L5pvjH+OmFXiQ3XjabcXgg==
  optionalDependencies:
    fsevents "~2.3.2"
